
Microsoft Visual Studio Solution File, Format Version 12.00
# Visual Studio Version 17
VisualStudioVersion = 17.0.32112.339
MinimumVisualStudioVersion = 10.0.40219.1
Project("{FAE04EC0-301F-11D3-BF4B-00C04F79EFBC}") = "DbCalculatorСalorie", "DbCalculatorСalorie\DbCalculatorСalorie.csproj", "{7BAA750B-28EA-48B4-B0CC-38A1C924D2A2}"
EndProject
Project("{FAE04EC0-301F-11D3-BF4B-00C04F79EFBC}") = "Authorization.Users", "Authorization.Users\Authorization.Users.csproj", "{82C4EAA6-72CA-40E2-A731-6C8503ECF419}"
EndProject
Project("{FAE04EC0-301F-11D3-BF4B-00C04F79EFBC}") = "Text.Encryptor", "Text.Encryptor\Text.Encryptor.csproj", "{8AA13458-7BF6-4AD4-AD32-F14A740DB4D5}"
EndProject
Project("{FAE04EC0-301F-11D3-BF4B-00C04F79EFBC}") = "Registration.Users", "Registration.Users\Registration.Users.csproj", "{A4BAADD4-0B27-47C0-AE34-8E5F63CCB8F6}"
EndProject
Project("{FAE04EC0-301F-11D3-BF4B-00C04F79EFBC}") = "Nutrient.Calculator", "Nutrient.Calculator\Nutrient.Calculator.csproj", "{FA2ACF3A-2DA6-474C-A769-CB784337DB7F}"
EndProject
Project("{9A19103F-16F7-4668-BE54-9A1E7A4F7556}") = "Interface", "Interface\Interface.csproj", "{6F06C46A-3B48-4658-9BA0-7CF1DC2AAFA9}"
EndProject
Project("{FAE04EC0-301F-11D3-BF4B-00C04F79EFBC}") = "Products.Search", "SearchProduct\Products.Search.csproj", "{C9D8E2E6-CA07-4E48-B21F-CACDF95E2CD5}"
EndProject
Project("{FAE04EC0-301F-11D3-BF4B-00C04F79EFBC}") = "Controller", "Controller\Controller.csproj", "{5F7D2ED9-2141-4D73-8515-C21E544516C6}"
EndProject
Global
	GlobalSection(SolutionConfigurationPlatforms) = preSolution
		Debug|Any CPU = Debug|Any CPU
		Release|Any CPU = Release|Any CPU
	EndGlobalSection
	GlobalSection(ProjectConfigurationPlatforms) = postSolution
		{7BAA750B-28EA-48B4-B0CC-38A1C924D2A2}.Debug|Any CPU.ActiveCfg = Debug|Any CPU
		{7BAA750B-28EA-48B4-B0CC-38A1C924D2A2}.Debug|Any CPU.Build.0 = Debug|Any CPU
		{7BAA750B-28EA-48B4-B0CC-38A1C924D2A2}.Release|Any CPU.ActiveCfg = Release|Any CPU
		{7BAA750B-28EA-48B4-B0CC-38A1C924D2A2}.Release|Any CPU.Build.0 = Release|Any CPU
		{82C4EAA6-72CA-40E2-A731-6C8503ECF419}.Debug|Any CPU.ActiveCfg = Debug|Any CPU
		{82C4EAA6-72CA-40E2-A731-6C8503ECF419}.Debug|Any CPU.Build.0 = Debug|Any CPU
		{82C4EAA6-72CA-40E2-A731-6C8503ECF419}.Release|Any CPU.ActiveCfg = Release|Any CPU
		{82C4EAA6-72CA-40E2-A731-6C8503ECF419}.Release|Any CPU.Build.0 = Release|Any CPU
		{8AA13458-7BF6-4AD4-AD32-F14A740DB4D5}.Debug|Any CPU.ActiveCfg = Debug|Any CPU
		{8AA13458-7BF6-4AD4-AD32-F14A740DB4D5}.Debug|Any CPU.Build.0 = Debug|Any CPU
		{8AA13458-7BF6-4AD4-AD32-F14A740DB4D5}.Release|Any CPU.ActiveCfg = Release|Any CPU
		{8AA13458-7BF6-4AD4-AD32-F14A740DB4D5}.Release|Any CPU.Build.0 = Release|Any CPU
		{A4BAADD4-0B27-47C0-AE34-8E5F63CCB8F6}.Debug|Any CPU.ActiveCfg = Debug|Any CPU
		{A4BAADD4-0B27-47C0-AE34-8E5F63CCB8F6}.Debug|Any CPU.Build.0 = Debug|Any CPU
		{A4BAADD4-0B27-47C0-AE34-8E5F63CCB8F6}.Release|Any CPU.ActiveCfg = Release|Any CPU
		{A4BAADD4-0B27-47C0-AE34-8E5F63CCB8F6}.Release|Any CPU.Build.0 = Release|Any CPU
		{FA2ACF3A-2DA6-474C-A769-CB784337DB7F}.Debug|Any CPU.ActiveCfg = Debug|Any CPU
		{FA2ACF3A-2DA6-474C-A769-CB784337DB7F}.Debug|Any CPU.Build.0 = Debug|Any CPU
		{FA2ACF3A-2DA6-474C-A769-CB784337DB7F}.Release|Any CPU.ActiveCfg = Release|Any CPU
		{FA2ACF3A-2DA6-474C-A769-CB784337DB7F}.Release|Any CPU.Build.0 = Release|Any CPU
		{6F06C46A-3B48-4658-9BA0-7CF1DC2AAFA9}.Debug|Any CPU.ActiveCfg = Debug|Any CPU
		{6F06C46A-3B48-4658-9BA0-7CF1DC2AAFA9}.Debug|Any CPU.Build.0 = Debug|Any CPU
		{6F06C46A-3B48-4658-9BA0-7CF1DC2AAFA9}.Release|Any CPU.ActiveCfg = Release|Any CPU
		{6F06C46A-3B48-4658-9BA0-7CF1DC2AAFA9}.Release|Any CPU.Build.0 = Release|Any CPU
		{C9D8E2E6-CA07-4E48-B21F-CACDF95E2CD5}.Debug|Any CPU.ActiveCfg = Debug|Any CPU
		{C9D8E2E6-CA07-4E48-B21F-CACDF95E2CD5}.Debug|Any CPU.Build.0 = Debug|Any CPU
		{C9D8E2E6-CA07-4E48-B21F-CACDF95E2CD5}.Release|Any CPU.ActiveCfg = Release|Any CPU
		{C9D8E2E6-CA07-4E48-B21F-CACDF95E2CD5}.Release|Any CPU.Build.0 = Release|Any CPU
		{5F7D2ED9-2141-4D73-8515-C21E544516C6}.Debug|Any CPU.ActiveCfg = Debug|Any CPU
		{5F7D2ED9-2141-4D73-8515-C21E544516C6}.Debug|Any CPU.Build.0 = Debug|Any CPU
		{5F7D2ED9-2141-4D73-8515-C21E544516C6}.Release|Any CPU.ActiveCfg = Release|Any CPU
		{5F7D2ED9-2141-4D73-8515-C21E544516C6}.Release|Any CPU.Build.0 = Release|Any CPU
	EndGlobalSection
	GlobalSection(SolutionProperties) = preSolution
		HideSolutionNode = FALSE
	EndGlobalSection
	GlobalSection(ExtensibilityGlobals) = postSolution
		SolutionGuid = {A9CB5179-33FB-46BB-8661-48F090B8DBD7}
	EndGlobalSection
EndGlobal
